
Microsoft Visual Studio Solution File, Format Version 12.00
Project("{FAE04EC0-301F-11D3-BF4B-00C04F79EFBC}") = "Strings", "Strings\Strings.csproj", "{EA8EDF27-6F53-41D9-AA1D-45F23904DCBA}"
EndProject
Global
	GlobalSection(SolutionConfigurationPlatforms) = preSolution
		Debug|Any CPU = Debug|Any CPU
		Release|Any CPU = Release|Any CPU
	EndGlobalSection
	GlobalSection(ProjectConfigurationPlatforms) = postSolution
		{EA8EDF27-6F53-41D9-AA1D-45F23904DCBA}.Debug|Any CPU.ActiveCfg = Debug|Any CPU
		{EA8EDF27-6F53-41D9-AA1D-45F23904DCBA}.Debug|Any CPU.Build.0 = Debug|Any CPU
		{EA8EDF27-6F53-41D9-AA1D-45F23904DCBA}.Release|Any CPU.ActiveCfg = Release|Any CPU
		{EA8EDF27-6F53-41D9-AA1D-45F23904DCBA}.Release|Any CPU.Build.0 = Release|Any CPU
	EndGlobalSection
EndGlobal
