
Microsoft Visual Studio Solution File, Format Version 12.00
Project("{FAE04EC0-301F-11D3-BF4B-00C04F79EFBC}") = "ExercicioFuncionario", "ExercicioFuncionario\ExercicioFuncionario.csproj", "{443D197B-EE00-4D34-B7CE-D2D2E62DDCC3}"
EndProject
Global
	GlobalSection(SolutionConfigurationPlatforms) = preSolution
		Debug|Any CPU = Debug|Any CPU
		Release|Any CPU = Release|Any CPU
	EndGlobalSection
	GlobalSection(ProjectConfigurationPlatforms) = postSolution
		{443D197B-EE00-4D34-B7CE-D2D2E62DDCC3}.Debug|Any CPU.ActiveCfg = Debug|Any CPU
		{443D197B-EE00-4D34-B7CE-D2D2E62DDCC3}.Debug|Any CPU.Build.0 = Debug|Any CPU
		{443D197B-EE00-4D34-B7CE-D2D2E62DDCC3}.Release|Any CPU.ActiveCfg = Release|Any CPU
		{443D197B-EE00-4D34-B7CE-D2D2E62DDCC3}.Release|Any CPU.Build.0 = Release|Any CPU
	EndGlobalSection
EndGlobal
