
Microsoft Visual Studio Solution File, Format Version 12.00
Project("{FAE04EC0-301F-11D3-BF4B-00C04F79EFBC}") = "ExercicioHotel", "ExercicioHotel\ExercicioHotel.csproj", "{7F4B03F2-C0A4-4E6E-BE50-7EEF3E2FC0CF}"
EndProject
Global
	GlobalSection(SolutionConfigurationPlatforms) = preSolution
		Debug|Any CPU = Debug|Any CPU
		Release|Any CPU = Release|Any CPU
	EndGlobalSection
	GlobalSection(ProjectConfigurationPlatforms) = postSolution
		{7F4B03F2-C0A4-4E6E-BE50-7EEF3E2FC0CF}.Debug|Any CPU.ActiveCfg = Debug|Any CPU
		{7F4B03F2-C0A4-4E6E-BE50-7EEF3E2FC0CF}.Debug|Any CPU.Build.0 = Debug|Any CPU
		{7F4B03F2-C0A4-4E6E-BE50-7EEF3E2FC0CF}.Release|Any CPU.ActiveCfg = Release|Any CPU
		{7F4B03F2-C0A4-4E6E-BE50-7EEF3E2FC0CF}.Release|Any CPU.Build.0 = Release|Any CPU
	EndGlobalSection
EndGlobal
